
Microsoft Visual Studio Solution File, Format Version 12.00
# Visual Studio Version 16
VisualStudioVersion = 16.0.31613.86
MinimumVisualStudioVersion = 10.0.40219.1
Project("{FAE04EC0-301F-11D3-BF4B-00C04F79EFBC}") = "Spatial-Invasor", "Spatial-Invasor\Spatial-Invasor.csproj", "{D1666B2B-575F-4505-AD64-49374CBACECA}"
EndProject
Global
	GlobalSection(SolutionConfigurationPlatforms) = preSolution
		Debug|Any CPU = Debug|Any CPU
		Release|Any CPU = Release|Any CPU
	EndGlobalSection
	GlobalSection(ProjectConfigurationPlatforms) = postSolution
		{D1666B2B-575F-4505-AD64-49374CBACECA}.Debug|Any CPU.ActiveCfg = Debug|Any CPU
		{D1666B2B-575F-4505-AD64-49374CBACECA}.Debug|Any CPU.Build.0 = Debug|Any CPU
		{D1666B2B-575F-4505-AD64-49374CBACECA}.Release|Any CPU.ActiveCfg = Release|Any CPU
		{D1666B2B-575F-4505-AD64-49374CBACECA}.Release|Any CPU.Build.0 = Release|Any CPU
	EndGlobalSection
	GlobalSection(SolutionProperties) = preSolution
		HideSolutionNode = FALSE
	EndGlobalSection
	GlobalSection(ExtensibilityGlobals) = postSolution
		SolutionGuid = {35056219-A2A4-4129-880E-21C06B392850}
	EndGlobalSection
EndGlobal
